{
  "nodes": {
    "nixpkgs": {
      "locked": {
        "lastModified": 1777270315,
        "narHash": "sha256-yKB4G6cKsQsWN7M6rZGk6gkJPDNPIzT05y4qzRyCDlI=",
        "owner": "nixos",
        "repo": "nixpkgs",
        "rev": "6368eda62c9775c38ef7f714b2555a741c20c72d",
        "type": "github"
      },
      "original": {
        "owner": "nixos",
        "ref": "nixpkgs-unstable",
        "repo": "nixpkgs",
        "type": "github"
      }
    },
    "plugins-nvim-dap-ruby": {
      "flake": false,
      "locked": {
        "lastModified": 1752006624,
        "narHash": "sha256-57BBhdrikDEswZe2QW+jHMSgfXIjauc6iDNpWS0YUaU=",
        "owner": "suketa",
        "repo": "nvim-dap-ruby",
        "rev": "ba36f9905ca9c6d89e5af5467a52fceeb2bbbf6d",
        "type": "github"
      },
      "original": {
        "owner": "suketa",
        "repo": "nvim-dap-ruby",
        "type": "github"
      }
    },
    "plugins-ts-error-translator-nvim": {
      "flake": false,
      "locked": {
        "lastModified": 1767484144,
        "narHash": "sha256-kjZwfvb0B7GC4dBBSdgC/zRmCUCfCm4H5J+8SFzANJ4=",
        "owner": "dmmulroy",
        "repo": "ts-error-translator.nvim",
        "rev": "558abff11b9e8f4cefc0de09df780c56841c7a4b",
        "type": "github"
      },
      "original": {
        "owner": "dmmulroy",
        "repo": "ts-error-translator.nvim",
        "type": "github"
      }
    },
    "root": {
      "inputs": {
        "nixpkgs": "nixpkgs",
        "plugins-nvim-dap-ruby": "plugins-nvim-dap-ruby",
        "plugins-ts-error-translator-nvim": "plugins-ts-error-translator-nvim",
        "wrappers": "wrappers"
      }
    },
    "wrappers": {
      "inputs": {
        "nixpkgs": [
          "nixpkgs"
        ]
      },
      "locked": {
        "lastModified": 1777453571,
        "narHash": "sha256-PXooKeOxD+7UrN7IxC3Rmqp/2gB1B4mZXeGPd9xeYL4=",
        "owner": "BirdeeHub",
        "repo": "nix-wrapper-modules",
        "rev": "472d261085424d6c359e3f908343c2d354627db3",
        "type": "github"
      },
      "original": {
        "owner": "BirdeeHub",
        "repo": "nix-wrapper-modules",
        "type": "github"
      }
    }
  },
  "root": "root",
  "version": 7
}
