{
  "nodes": {
    "nixCats": {
      "locked": {
        "lastModified": 1744355826,
        "narHash": "sha256-uqzxcPQIk6QiZo0tTgPD9UAGq5Q04jCWwZic/hdykEQ=",
        "owner": "BirdeeHub",
        "repo": "nixCats-nvim",
        "rev": "3c31202bec49204187f35029c1881c9a28c4433e",
        "type": "github"
      },
      "original": {
        "owner": "BirdeeHub",
        "repo": "nixCats-nvim",
        "type": "github"
      }
    },
    "nixpkgs": {
      "locked": {
        "lastModified": 1744157173,
        "narHash": "sha256-bWSjxDwq7iVePrhmA7tY2dyMWHuNJo8knkO4y+q4ZkY=",
        "owner": "nixos",
        "repo": "nixpkgs",
        "rev": "6a39c6e495eefabc935d8ddf66aa45d85b85fa3f",
        "type": "github"
      },
      "original": {
        "owner": "nixos",
        "ref": "nixpkgs-unstable",
        "repo": "nixpkgs",
        "type": "github"
      }
    },
    "root": {
      "inputs": {
        "nixCats": "nixCats",
        "nixpkgs": "nixpkgs",
        "ts-error-translator-nvim": "ts-error-translator-nvim"
      }
    },
    "ts-error-translator-nvim": {
      "flake": false,
      "locked": {
        "lastModified": 1731721659,
        "narHash": "sha256-fi68jJVNTL2WlTehcl5Q8tijAeu2usjIsWXjcuixkCM=",
        "owner": "dmmulroy",
        "repo": "ts-error-translator.nvim",
        "rev": "47e5ba89f71b9e6c72eaaaaa519dd59bd6897df4",
        "type": "github"
      },
      "original": {
        "owner": "dmmulroy",
        "repo": "ts-error-translator.nvim",
        "type": "github"
      }
    }
  },
  "root": "root",
  "version": 7
}
